
Microsoft Visual Studio Solution File, Format Version 12.00
# Visual Studio 15
VisualStudioVersion = 15.0.27004.2002
MinimumVisualStudioVersion = 10.0.40219.1
Project("{FAE04EC0-301F-11D3-BF4B-00C04F79EFBC}") = "CandidateTask", "CandidateTask\CandidateTask.csproj", "{F4438D62-42F3-44F4-BE1B-6785F492CCBE}"
EndProject
Project("{FAE04EC0-301F-11D3-BF4B-00C04F79EFBC}") = "CandidateTask.Tests", "CandidateTask.Tests\CandidateTask.Tests.csproj", "{28BC5527-75E8-41FF-80EF-B8BF16050830}"
EndProject
Global
	GlobalSection(SolutionConfigurationPlatforms) = preSolution
		Debug|Any CPU = Debug|Any CPU
		Release|Any CPU = Release|Any CPU
	EndGlobalSection
	GlobalSection(ProjectConfigurationPlatforms) = postSolution
		{F4438D62-42F3-44F4-BE1B-6785F492CCBE}.Debug|Any CPU.ActiveCfg = Debug|Any CPU
		{F4438D62-42F3-44F4-BE1B-6785F492CCBE}.Debug|Any CPU.Build.0 = Debug|Any CPU
		{F4438D62-42F3-44F4-BE1B-6785F492CCBE}.Release|Any CPU.ActiveCfg = Release|Any CPU
		{F4438D62-42F3-44F4-BE1B-6785F492CCBE}.Release|Any CPU.Build.0 = Release|Any CPU
		{28BC5527-75E8-41FF-80EF-B8BF16050830}.Debug|Any CPU.ActiveCfg = Debug|Any CPU
		{28BC5527-75E8-41FF-80EF-B8BF16050830}.Debug|Any CPU.Build.0 = Debug|Any CPU
		{28BC5527-75E8-41FF-80EF-B8BF16050830}.Release|Any CPU.ActiveCfg = Release|Any CPU
		{28BC5527-75E8-41FF-80EF-B8BF16050830}.Release|Any CPU.Build.0 = Release|Any CPU
	EndGlobalSection
	GlobalSection(SolutionProperties) = preSolution
		HideSolutionNode = FALSE
	EndGlobalSection
	GlobalSection(ExtensibilityGlobals) = postSolution
		SolutionGuid = {C49F0B99-D4B1-4963-A658-6945687B8E9B}
	EndGlobalSection
EndGlobal
